{
  "name": "stereo-merger",
  "version": "1.0.0",
  "lockfileVersion": 3,
  "requires": true,
  "packages": {
    "": {
      "name": "stereo-merger",
      "version": "1.0.0",
      "license": "ISC",
      "devDependencies": {
        "pcap-parser": "^0.2.1",
        "rtp-parser": "^1.0.0"
      }
    },
    "node_modules/pcap-parser": {
      "version": "0.2.1",
      "resolved": "https://registry.npmjs.org/pcap-parser/-/pcap-parser-0.2.1.tgz",
      "integrity": "sha512-+1t1GiMpEHI+MFub/mpCmfpyU4oVOyn4h71Zp5GqC/2uv0yteM6MghazKBQMkNXgmmsCPT1JUMfqsF03cYjnyw==",
      "dev": true,
      "license": "MIT",
      "engines": {
        "node": ">=0.6.0"
      }
    },
    "node_modules/rtp-parser": {
      "version": "1.0.0",
      "resolved": "https://registry.npmjs.org/rtp-parser/-/rtp-parser-1.0.0.tgz",
      "integrity": "sha512-q+IpAl6wsMNK8BGsPaQrz8FartVpLcqie+a2Q6aNDV5D+qer2WX+jxbek4WbA+GYT+1hwwOqnF/CycJuJ5Brug==",
      "dev": true,
      "license": "MIT"
    }
  }
}
